
Microsoft Visual Studio Solution File, Format Version 12.00
# Visual Studio Version 16
VisualStudioVersion = 16.0.32106.194
MinimumVisualStudioVersion = 10.0.40219.1
Project("{FAE04EC0-301F-11D3-BF4B-00C04F79EFBC}") = "MyClientApp", "MyClientApp.csproj", "{8940F4C2-7FB6-4864-90AA-C28C966A9588}"
EndProject
Global
	GlobalSection(SolutionConfigurationPlatforms) = preSolution
		Debug|Any CPU = Debug|Any CPU
		Release|Any CPU = Release|Any CPU
	EndGlobalSection
	GlobalSection(ProjectConfigurationPlatforms) = postSolution
		{8940F4C2-7FB6-4864-90AA-C28C966A9588}.Debug|Any CPU.ActiveCfg = Debug|Any CPU
		{8940F4C2-7FB6-4864-90AA-C28C966A9588}.Debug|Any CPU.Build.0 = Debug|Any CPU
		{8940F4C2-7FB6-4864-90AA-C28C966A9588}.Release|Any CPU.ActiveCfg = Release|Any CPU
		{8940F4C2-7FB6-4864-90AA-C28C966A9588}.Release|Any CPU.Build.0 = Release|Any CPU
	EndGlobalSection
	GlobalSection(SolutionProperties) = preSolution
		HideSolutionNode = FALSE
	EndGlobalSection
	GlobalSection(ExtensibilityGlobals) = postSolution
		SolutionGuid = {E2964250-7E66-473E-B07D-FA1515161461}
	EndGlobalSection
EndGlobal
